
Microsoft Visual Studio Solution File, Format Version 12.00
# Visual Studio 2012
Project("{FAE04EC0-301F-11D3-BF4B-00C04F79EFBC}") = "Modul02", "Modul02\Modul02.csproj", "{470642CF-AF4B-48FF-A923-72442774E715}"
EndProject
Global
	GlobalSection(SolutionConfigurationPlatforms) = preSolution
		Debug|x86 = Debug|x86
		Release|x86 = Release|x86
	EndGlobalSection
	GlobalSection(ProjectConfigurationPlatforms) = postSolution
		{470642CF-AF4B-48FF-A923-72442774E715}.Debug|x86.ActiveCfg = Debug|x86
		{470642CF-AF4B-48FF-A923-72442774E715}.Debug|x86.Build.0 = Debug|x86
		{470642CF-AF4B-48FF-A923-72442774E715}.Release|x86.ActiveCfg = Release|x86
		{470642CF-AF4B-48FF-A923-72442774E715}.Release|x86.Build.0 = Release|x86
	EndGlobalSection
EndGlobal
